{
  "name": "bballoptimizer",
  "lockfileVersion": 2,
  "requires": true,
  "packages": {
    "": {
      "dependencies": {
        "node-fetch": "^2.6.1",
        "yahoo-fantasy": "^5.1.0"
      }
    },
    "node_modules/crypto-js": {
      "version": "3.1.9-1",
      "resolved": "https://registry.npmjs.org/crypto-js/-/crypto-js-3.1.9-1.tgz",
      "integrity": "sha512-W93aKztssqf29OvUlqfikzGyYbD1rpkXvGP9IQ1JchLY3bxaLXZSWYbwrtib2vk8DobrDzX7PIXcDWHp0B6Ymw=="
    },
    "node_modules/esm": {
      "version": "3.2.25",
      "resolved": "https://registry.npmjs.org/esm/-/esm-3.2.25.tgz",
      "integrity": "sha512-U1suiZ2oDVWv4zPO56S0NcR5QriEahGtdN2OR6FiOG4WJvcjBVFB0qI4+eKoWFH483PKGuLuu6V8Z4T5g63UVA==",
      "engines": {
        "node": ">=6"
      }
    },
    "node_modules/follow-redirects": {
      "version": "1.15.2",
      "resolved": "https://registry.npmjs.org/follow-redirects/-/follow-redirects-1.15.2.tgz",
      "integrity": "sha512-VQLG33o04KaQ8uYi2tVNbdrWp1QWxNNea+nmIB4EVM28v0hmP17z7aG1+wAkNzVq4KeXTq3221ye5qTJP91JwA==",
      "funding": [
        {
          "type": "individual",
          "url": "https://github.com/sponsors/RubenVerborgh"
        }
      ],
      "engines": {
        "node": ">=4.0"
      },
      "peerDependenciesMeta": {
        "debug": {
          "optional": true
        }
      }
    },
    "node_modules/node-fetch": {
      "version": "2.6.1",
      "resolved": "https://registry.npmjs.org/node-fetch/-/node-fetch-2.6.1.tgz",
      "integrity": "sha512-V4aYg89jEoVRxRb2fJdAg8FHvI7cEyYdVAh94HH0UIK8oJxUfkjlDQN9RbMx+bEjP7+ggMiFRprSti032Oipxw==",
      "engines": {
        "node": "4.x || >=6.0.0"
      }
    },
    "node_modules/oauth-signature": {
      "version": "1.5.0",
      "resolved": "https://registry.npmjs.org/oauth-signature/-/oauth-signature-1.5.0.tgz",
      "integrity": "sha512-lF0vEK03oZoE4svZzfp8HVdDC5lPwTeC3DBotRHBbFsA13jHS4kf9CMHRORGxR0Fseo6k25PHBvIJczdYwuflw==",
      "dependencies": {
        "crypto-js": "~3.1.9-1",
        "uri-js": "^3.0.2"
      },
      "engines": {
        "node": "*"
      }
    },
    "node_modules/punycode": {
      "version": "2.1.1",
      "resolved": "https://registry.npmjs.org/punycode/-/punycode-2.1.1.tgz",
      "integrity": "sha512-XRsRjdf+j5ml+y/6GKHPZbrF/8p2Yga0JPtdqTIY2Xe5ohJPD9saDJJLPvp9+NSBprVvevdXZybnj2cv8OEd0A==",
      "engines": {
        "node": ">=6"
      }
    },
    "node_modules/uri-js": {
      "version": "3.0.2",
      "resolved": "https://registry.npmjs.org/uri-js/-/uri-js-3.0.2.tgz",
      "integrity": "sha512-SoboS4c924cg+wR2vxl8fospPPli3ZmVPIkRpJEWcrGIPeE8Tr3m9zNIyjYKn9YlF8EgiXQDCy3XVZxSFNjh8A==",
      "dependencies": {
        "punycode": "^2.1.0"
      }
    },
    "node_modules/uuid": {
      "version": "8.3.2",
      "resolved": "https://registry.npmjs.org/uuid/-/uuid-8.3.2.tgz",
      "integrity": "sha512-+NYs2QeMWy+GWFOEm9xnn6HCDp0l7QBD7ml8zLUmJ+93Q5NF0NocErnwkTkXVFNiX3/fpC6afS8Dhb/gz7R7eg==",
      "bin": {
        "uuid": "dist/bin/uuid"
      }
    },
    "node_modules/yahoo-fantasy": {
      "version": "5.1.0",
      "resolved": "https://registry.npmjs.org/yahoo-fantasy/-/yahoo-fantasy-5.1.0.tgz",
      "integrity": "sha512-ZFZad5FS1cxQpRmjoV8bsJwmB6Ecz6wmmlmvRPbt+juOk5BMAyT2EADmSn4lLOa/X+TM9gKcSpZZAuBkuRnU0g==",
      "dependencies": {
        "esm": "^3.2.25",
        "follow-redirects": "^1.13.0",
        "oauth-signature": "^1.5.0",
        "uuid": "^8.3.0"
      },
      "engines": {
        "node": ">= 8.10.0"
      }
    }
  },
  "dependencies": {
    "crypto-js": {
      "version": "3.1.9-1",
      "resolved": "https://registry.npmjs.org/crypto-js/-/crypto-js-3.1.9-1.tgz",
      "integrity": "sha512-W93aKztssqf29OvUlqfikzGyYbD1rpkXvGP9IQ1JchLY3bxaLXZSWYbwrtib2vk8DobrDzX7PIXcDWHp0B6Ymw=="
    },
    "esm": {
      "version": "3.2.25",
      "resolved": "https://registry.npmjs.org/esm/-/esm-3.2.25.tgz",
      "integrity": "sha512-U1suiZ2oDVWv4zPO56S0NcR5QriEahGtdN2OR6FiOG4WJvcjBVFB0qI4+eKoWFH483PKGuLuu6V8Z4T5g63UVA=="
    },
    "follow-redirects": {
      "version": "1.15.2",
      "resolved": "https://registry.npmjs.org/follow-redirects/-/follow-redirects-1.15.2.tgz",
      "integrity": "sha512-VQLG33o04KaQ8uYi2tVNbdrWp1QWxNNea+nmIB4EVM28v0hmP17z7aG1+wAkNzVq4KeXTq3221ye5qTJP91JwA=="
    },
    "node-fetch": {
      "version": "2.6.1",
      "resolved": "https://registry.npmjs.org/node-fetch/-/node-fetch-2.6.1.tgz",
      "integrity": "sha512-V4aYg89jEoVRxRb2fJdAg8FHvI7cEyYdVAh94HH0UIK8oJxUfkjlDQN9RbMx+bEjP7+ggMiFRprSti032Oipxw=="
    },
    "oauth-signature": {
      "version": "1.5.0",
      "resolved": "https://registry.npmjs.org/oauth-signature/-/oauth-signature-1.5.0.tgz",
      "integrity": "sha512-lF0vEK03oZoE4svZzfp8HVdDC5lPwTeC3DBotRHBbFsA13jHS4kf9CMHRORGxR0Fseo6k25PHBvIJczdYwuflw==",
      "requires": {
        "crypto-js": "~3.1.9-1",
        "uri-js": "^3.0.2"
      }
    },
    "punycode": {
      "version": "2.1.1",
      "resolved": "https://registry.npmjs.org/punycode/-/punycode-2.1.1.tgz",
      "integrity": "sha512-XRsRjdf+j5ml+y/6GKHPZbrF/8p2Yga0JPtdqTIY2Xe5ohJPD9saDJJLPvp9+NSBprVvevdXZybnj2cv8OEd0A=="
    },
    "uri-js": {
      "version": "3.0.2",
      "resolved": "https://registry.npmjs.org/uri-js/-/uri-js-3.0.2.tgz",
      "integrity": "sha512-SoboS4c924cg+wR2vxl8fospPPli3ZmVPIkRpJEWcrGIPeE8Tr3m9zNIyjYKn9YlF8EgiXQDCy3XVZxSFNjh8A==",
      "requires": {
        "punycode": "^2.1.0"
      }
    },
    "uuid": {
      "version": "8.3.2",
      "resolved": "https://registry.npmjs.org/uuid/-/uuid-8.3.2.tgz",
      "integrity": "sha512-+NYs2QeMWy+GWFOEm9xnn6HCDp0l7QBD7ml8zLUmJ+93Q5NF0NocErnwkTkXVFNiX3/fpC6afS8Dhb/gz7R7eg=="
    },
    "yahoo-fantasy": {
      "version": "5.1.0",
      "resolved": "https://registry.npmjs.org/yahoo-fantasy/-/yahoo-fantasy-5.1.0.tgz",
      "integrity": "sha512-ZFZad5FS1cxQpRmjoV8bsJwmB6Ecz6wmmlmvRPbt+juOk5BMAyT2EADmSn4lLOa/X+TM9gKcSpZZAuBkuRnU0g==",
      "requires": {
        "esm": "^3.2.25",
        "follow-redirects": "^1.13.0",
        "oauth-signature": "^1.5.0",
        "uuid": "^8.3.0"
      }
    }
  }
}
